{
  "name": "@jorisguffens/my-esm-tool",
  "version": "1.0.0",
  "lockfileVersion": 3,
  "requires": true,
  "packages": {
    "": {
      "name": "@jorisguffens/my-esm-tool",
      "version": "1.0.0",
      "license": "ISC",
      "dependencies": {
        "@jorisguffens/their-cjs-tool": "1.0.0"
      }
    },
    "node_modules/@jorisguffens/their-cjs-tool": {
      "version": "1.0.0",
      "resolved": "https://npm.pkg.github.com/download/@jorisguffens/their-cjs-tool/1.0.0/d64fb6aff873b7cb7f1949437cdae7eb18bb113e",
      "integrity": "sha512-uumEDz+j/fpFfGJiiNBtoR6zjG13E4447x06RktKA3vKnU5Ysx1tzpy7PE+9U39ckrkWOIQwjna+L55pasW+4g==",
      "license": "ISC"
    }
  }
}
